<?xml version="1.0" encoding="utf-8"?>
<Project ToolsVersion="4.0" xmlns="http://schemas.microsoft.com/developer/msbuild/2003">
  <ItemGroup>
    <Filter Include="Resource">
      <UniqueIdentifier>{67DA6AB6-F800-4c08-8B7A-83BB121AAD01}</UniqueIdentifier>
      <Extensions>rc;ico;cur;bmp;dlg;rc2;rct;bin;rgs;gif;jpg;jpeg;jpe;resx;tiff;tif;png;wav;mfcribbon-ms</Extensions>
    </Filter>
    <Filter Include="Source">
      <UniqueIdentifier>{4FC737F1-C7A5-4376-A066-2A32D752A2FF}</UniqueIdentifier>
      <Extensions>cpp;c;cc;cxx;c++;cppm;ixx;def;odl;idl;hpj;bat;asm;asmx</Extensions>
    </Filter>
    <Filter Include="Source\Math">
      <UniqueIdentifier>{99260c0d-f62d-4f03-923e-6cb350ddfcef}</UniqueIdentifier>
    </Filter>
    <Filter Include="Source\Core">
      <UniqueIdentifier>{060c7608-e8f2-491f-89df-a211a164f4dc}</UniqueIdentifier>
    </Filter>
    <Filter Include="Source\Renderer">
      <UniqueIdentifier>{0af6aa51-71e2-4019-97cc-f37c70cf30df}</UniqueIdentifier>
    </Filter>
    <Filter Include="Source\Input">
      <UniqueIdentifier>{8dae1488-5778-4343-84d0-923dc0cd4668}</UniqueIdentifier>
    </Filter>
    <Filter Include="Source\FrameWork">
      <UniqueIdentifier>{7b506baa-21a5-41ac-93ca-380607214664}</UniqueIdentifier>
    </Filter>
    <Filter Include="Source\Audio">
      <UniqueIdentifier>{3b2dfc23-8ebb-4f64-afd2-0c81b7f57a75}</UniqueIdentifier>
    </Filter>
    <Filter Include="Source\Component">
      <UniqueIdentifier>{99609e60-0cac-429c-b05f-8a5aa2476a88}</UniqueIdentifier>
    </Filter>
    <Filter Include="Source\Resource">
      <UniqueIdentifier>{abd49844-b214-44b4-af51-b93419023431}</UniqueIdentifier>
    </Filter>
    <Filter Include="Source\Serialization">
      <UniqueIdentifier>{093fb0ae-f082-4ecb-b129-a7797a6366ab}</UniqueIdentifier>
    </Filter>
  </ItemGroup>
  <ItemGroup>
    <ClCompile Include="Math\MathUtils.cpp">
      <Filter>Source\Math</Filter>
    </ClCompile>
    <ClCompile Include="Core\Memory.cpp">
      <Filter>Source\Core</Filter>
    </ClCompile>
    <ClCompile Include="Renderer\Renderer.cpp">
      <Filter>Source\Renderer</Filter>
    </ClCompile>
    <ClCompile Include="Input\InputSystem.cpp">
      <Filter>Source\Input</Filter>
    </ClCompile>
    <ClCompile Include="Renderer\Model.cpp">
      <Filter>Source\Renderer</Filter>
    </ClCompile>
    <ClCompile Include="Core\file.cpp">
      <Filter>Source\Core</Filter>
    </ClCompile>
    <ClCompile Include="FrameWork\Actor.cpp">
      <Filter>Source\FrameWork</Filter>
    </ClCompile>
    <ClCompile Include="Core\Time.cpp">
      <Filter>Source\Core</Filter>
    </ClCompile>
    <ClCompile Include="FrameWork\Scene.cpp">
      <Filter>Source\FrameWork</Filter>
    </ClCompile>
    <ClCompile Include="Engine.cpp">
      <Filter>Source</Filter>
    </ClCompile>
    <ClCompile Include="Audio\AudioSystem.cpp">
      <Filter>Source\Audio</Filter>
    </ClCompile>
    <ClCompile Include="Renderer\Font.cpp">
      <Filter>Source\Renderer</Filter>
    </ClCompile>
    <ClCompile Include="Renderer\Text.cpp">
      <Filter>Source\Renderer</Filter>
    </ClCompile>
    <ClCompile Include="Renderer\Texture.cpp">
      <Filter>Source\Renderer</Filter>
    </ClCompile>
    <ClCompile Include="Core\Logger.cpp">
      <Filter>Source\Core</Filter>
    </ClCompile>
    <ClCompile Include="Math\Vector2.cpp">
      <Filter>Source\Math</Filter>
    </ClCompile>
    <ClCompile Include="Math\Color.cpp">
      <Filter>Source\Math</Filter>
    </ClCompile>
    <ClCompile Include="Component\PlayerComponent.cpp">
      <Filter>Source\Component</Filter>
    </ClCompile>
    <ClCompile Include="Component\SpriteComponent.cpp">
      <Filter>Source\Component</Filter>
    </ClCompile>
    <ClCompile Include="Math\Matrix2x2.cpp">
      <Filter>Source\Math</Filter>
    </ClCompile>
    <ClCompile Include="Math\Matrix3x3.cpp">
      <Filter>Source\Math</Filter>
    </ClCompile>
    <ClCompile Include="Component\ModelComponent.cpp">
      <Filter>Source\Component</Filter>
    </ClCompile>
    <ClCompile Include="Resource\ResourceManager.cpp">
      <Filter>Source\Resource</Filter>
    </ClCompile>
    <ClCompile Include="Component\AudioComponent.cpp">
      <Filter>Source\Component</Filter>
    </ClCompile>
    <ClCompile Include="Component\PhysicsComponent.cpp">
      <Filter>Source\Component</Filter>
    </ClCompile>
    <ClCompile Include="Serialization\Json.cpp">
      <Filter>Source\Serialization</Filter>
    </ClCompile>
  </ItemGroup>
  <ItemGroup>
    <ClInclude Include="Math\MathUtils.h">
      <Filter>Source\Math</Filter>
    </ClInclude>
    <ClInclude Include="Core\Memory.h">
      <Filter>Source\Core</Filter>
    </ClInclude>
    <ClInclude Include="Renderer\Renderer.h">
      <Filter>Source\Renderer</Filter>
    </ClInclude>
    <ClInclude Include="math\Random.h">
      <Filter>Source\Math</Filter>
    </ClInclude>
    <ClInclude Include="Math\Vector2.h">
      <Filter>Source\Math</Filter>
    </ClInclude>
    <ClInclude Include="Math\Color.h">
      <Filter>Source\Math</Filter>
    </ClInclude>
    <ClInclude Include="Input\InputSystem.h">
      <Filter>Source\Input</Filter>
    </ClInclude>
    <ClInclude Include="Renderer\Model.h">
      <Filter>Source\Renderer</Filter>
    </ClInclude>
    <ClInclude Include="Core\file.h">
      <Filter>Source\Core</Filter>
    </ClInclude>
    <ClInclude Include="FrameWork\GameObject.h">
      <Filter>Source\FrameWork</Filter>
    </ClInclude>
    <ClInclude Include="Math\Transform.h">
      <Filter>Source\Math</Filter>
    </ClInclude>
    <ClInclude Include="FrameWork\Actor.h">
      <Filter>Source\FrameWork</Filter>
    </ClInclude>
    <ClInclude Include="Core\Time.h">
      <Filter>Source\Core</Filter>
    </ClInclude>
    <ClInclude Include="FrameWork\Scene.h">
      <Filter>Source\FrameWork</Filter>
    </ClInclude>
    <ClInclude Include="Engine.h">
      <Filter>Source</Filter>
    </ClInclude>
    <ClInclude Include="Audio\AudioSystem.h">
      <Filter>Source\Audio</Filter>
    </ClInclude>
    <ClInclude Include="Renderer\Font.h">
      <Filter>Source\Renderer</Filter>
    </ClInclude>
    <ClInclude Include="Renderer\Text.h">
      <Filter>Source\Renderer</Filter>
    </ClInclude>
    <ClInclude Include="FrameWork\Game.h">
      <Filter>Source\FrameWork</Filter>
    </ClInclude>
    <ClInclude Include="Renderer\Texture.h">
      <Filter>Source\Renderer</Filter>
    </ClInclude>
    <ClInclude Include="Core\Logger.h">
      <Filter>Source\Core</Filter>
    </ClInclude>
    <ClInclude Include="FrameWork\Component.h">
      <Filter>Source\FrameWork</Filter>
    </ClInclude>
    <ClInclude Include="Component\PlayerComponent.h">
      <Filter>Source\Component</Filter>
    </ClInclude>
    <ClInclude Include="Component\RenderComponent.h">
      <Filter>Source\Component</Filter>
    </ClInclude>
    <ClInclude Include="Component\SpriteComponent.h">
      <Filter>Source\Component</Filter>
    </ClInclude>
    <ClInclude Include="Math\Matrix2x2.h">
      <Filter>Source\Math</Filter>
    </ClInclude>
    <ClInclude Include="Math\Vector3.h">
      <Filter>Source\Math</Filter>
    </ClInclude>
    <ClInclude Include="Math\Matrix3x3.h">
      <Filter>Source\Math</Filter>
    </ClInclude>
    <ClInclude Include="Component\ModelComponent.h">
      <Filter>Source\Component</Filter>
    </ClInclude>
    <ClInclude Include="Resource\Resource.h">
      <Filter>Source\Resource</Filter>
    </ClInclude>
    <ClInclude Include="Resource\ResourceManager.h">
      <Filter>Source\Resource</Filter>
    </ClInclude>
    <ClInclude Include="Component\AudioComponent.h">
      <Filter>Source\Component</Filter>
    </ClInclude>
    <ClInclude Include="Component\PhysicsComponent.h">
      <Filter>Source\Component</Filter>
    </ClInclude>
    <ClInclude Include="FrameWork\SimpleTon.h">
      <Filter>Source\FrameWork</Filter>
    </ClInclude>
    <ClInclude Include="FrameWork\Factory.h">
      <Filter>Source\FrameWork</Filter>
    </ClInclude>
    <ClInclude Include="Serialization\Json.h">
      <Filter>Source\Serialization</Filter>
    </ClInclude>
    <ClInclude Include="Serialization\ISerializable.h">
      <Filter>Source\Serialization</Filter>
    </ClInclude>
  </ItemGroup>
  <ItemGroup>
    <Text Include="..\Build\Assets\Eni.txt">
      <Filter>Resource</Filter>
    </Text>
    <Text Include="..\Build\Assets\Player.txt">
      <Filter>Resource</Filter>
    </Text>
    <Text Include="..\Build\Assets\Bullet.txt">
      <Filter>Resource</Filter>
    </Text>
    <Text Include="..\Build\Assets\Multi.txt">
      <Filter>Resource</Filter>
    </Text>
    <Text Include="..\Build\Assets\Rotater.txt">
      <Filter>Resource</Filter>
    </Text>
    <Text Include="..\Build\Assets\Bomb.txt">
      <Filter>Resource</Filter>
    </Text>
    <Text Include="..\Build\Assets\Missle.txt">
      <Filter>Resource</Filter>
    </Text>
    <Text Include="..\Build\Assets\Lazer.txt">
      <Filter>Resource</Filter>
    </Text>
  </ItemGroup>
</Project>